
Microsoft Visual Studio Solution File, Format Version 12.00
# Visual Studio Version 16
VisualStudioVersion = 16.0.31729.503
MinimumVisualStudioVersion = 10.0.40219.1
Project("{9A19103F-16F7-4668-BE54-9A1E7A4F7556}") = "ContozooWebAPI", "ContozooWebAPI\ContozooWebAPI.csproj", "{D8F79C37-D0D1-4375-B3DC-E7BE0C63512A}"
EndProject
Project("{151D2E53-A2C4-4D7D-83FE-D05416EBD58E}") = "ContozooARMWebAPI", "ContozooARMWebAPI\ContozooARMWebAPI.deployproj", "{D001F503-2D7B-4722-9280-BADDE402A5CC}"
EndProject
Global
	GlobalSection(SolutionConfigurationPlatforms) = preSolution
		Debug|Any CPU = Debug|Any CPU
		Release|Any CPU = Release|Any CPU
	EndGlobalSection
	GlobalSection(ProjectConfigurationPlatforms) = postSolution
		{D8F79C37-D0D1-4375-B3DC-E7BE0C63512A}.Debug|Any CPU.ActiveCfg = Debug|Any CPU
		{D8F79C37-D0D1-4375-B3DC-E7BE0C63512A}.Debug|Any CPU.Build.0 = Debug|Any CPU
		{D8F79C37-D0D1-4375-B3DC-E7BE0C63512A}.Release|Any CPU.ActiveCfg = Release|Any CPU
		{D8F79C37-D0D1-4375-B3DC-E7BE0C63512A}.Release|Any CPU.Build.0 = Release|Any CPU
		{D001F503-2D7B-4722-9280-BADDE402A5CC}.Debug|Any CPU.ActiveCfg = Debug|Any CPU
		{D001F503-2D7B-4722-9280-BADDE402A5CC}.Debug|Any CPU.Build.0 = Debug|Any CPU
		{D001F503-2D7B-4722-9280-BADDE402A5CC}.Release|Any CPU.ActiveCfg = Release|Any CPU
		{D001F503-2D7B-4722-9280-BADDE402A5CC}.Release|Any CPU.Build.0 = Release|Any CPU
	EndGlobalSection
	GlobalSection(SolutionProperties) = preSolution
		HideSolutionNode = FALSE
	EndGlobalSection
	GlobalSection(ExtensibilityGlobals) = postSolution
		SolutionGuid = {5E993642-9353-4A93-90C1-F0BB8CB2B95B}
	EndGlobalSection
EndGlobal
